
Microsoft Visual Studio Solution File, Format Version 12.00
# Visual Studio Version 17
VisualStudioVersion = 17.0.31903.59
MinimumVisualStudioVersion = 10.0.40219.1
Project("{FAE04EC0-301F-11D3-BF4B-00C04F79EFBC}") = "ContaBancaria", "ContaBancaria\ContaBancaria.csproj", "{F80DFBD6-617A-4E1D-8A37-9E36FA1BC64F}"
EndProject
Project("{FAE04EC0-301F-11D3-BF4B-00C04F79EFBC}") = "ContaBancaria.Test", "ContaBancaria.Test\ContaBancaria.Test.csproj", "{8B7675DA-6ECB-4EF4-88DD-97B129F709DE}"
EndProject
Global
	GlobalSection(SolutionConfigurationPlatforms) = preSolution
		Debug|Any CPU = Debug|Any CPU
		Release|Any CPU = Release|Any CPU
	EndGlobalSection
	GlobalSection(SolutionProperties) = preSolution
		HideSolutionNode = FALSE
	EndGlobalSection
	GlobalSection(ProjectConfigurationPlatforms) = postSolution
		{F80DFBD6-617A-4E1D-8A37-9E36FA1BC64F}.Debug|Any CPU.ActiveCfg = Debug|Any CPU
		{F80DFBD6-617A-4E1D-8A37-9E36FA1BC64F}.Debug|Any CPU.Build.0 = Debug|Any CPU
		{F80DFBD6-617A-4E1D-8A37-9E36FA1BC64F}.Release|Any CPU.ActiveCfg = Release|Any CPU
		{F80DFBD6-617A-4E1D-8A37-9E36FA1BC64F}.Release|Any CPU.Build.0 = Release|Any CPU
		{8B7675DA-6ECB-4EF4-88DD-97B129F709DE}.Debug|Any CPU.ActiveCfg = Debug|Any CPU
		{8B7675DA-6ECB-4EF4-88DD-97B129F709DE}.Debug|Any CPU.Build.0 = Debug|Any CPU
		{8B7675DA-6ECB-4EF4-88DD-97B129F709DE}.Release|Any CPU.ActiveCfg = Release|Any CPU
		{8B7675DA-6ECB-4EF4-88DD-97B129F709DE}.Release|Any CPU.Build.0 = Release|Any CPU
	EndGlobalSection
EndGlobal
